<?xml version="1.0" encoding="utf-8"?>
<Project ToolsVersion="4.0" xmlns="http://schemas.microsoft.com/developer/msbuild/2003">
  <ItemGroup>
    <Filter Include="system">
      <UniqueIdentifier>{22dd8095-74f9-46df-81a1-36675a040b1f}</UniqueIdentifier>
    </Filter>
    <Filter Include="Enemy">
      <UniqueIdentifier>{81f49f75-6bd4-4f23-8d81-8240f8c05070}</UniqueIdentifier>
    </Filter>
    <Filter Include="Collision">
      <UniqueIdentifier>{f4eeb44b-bbee-4c4e-8b6f-9ab5952d834a}</UniqueIdentifier>
    </Filter>
    <Filter Include="Athletic">
      <UniqueIdentifier>{4d82827f-0b50-4a22-b980-dd701a4d723e}</UniqueIdentifier>
    </Filter>
    <Filter Include="Sound">
      <UniqueIdentifier>{55d5faef-f11d-4f52-8184-3dd486e8299e}</UniqueIdentifier>
    </Filter>
    <Filter Include="Camera">
      <UniqueIdentifier>{5fc59283-33d5-4e8b-9252-f2e4bf5fc8b9}</UniqueIdentifier>
    </Filter>
    <Filter Include="UI">
      <UniqueIdentifier>{e2c0c729-9b75-40cb-8ac0-cd10d9e7a97e}</UniqueIdentifier>
    </Filter>
  </ItemGroup>
  <ItemGroup>
    <ClCompile Include="stdafx.cpp" />
    <ClCompile Include="main.cpp" />
    <ClCompile Include="system\system.cpp">
      <Filter>system</Filter>
    </ClCompile>
    <ClCompile Include="Game.cpp" />
    <ClCompile Include="BackGround.cpp" />
    <ClCompile Include="Player.cpp" />
    <ClCompile Include="Title.cpp" />
    <ClCompile Include="GameClear.cpp" />
    <ClCompile Include="StageManager.cpp" />
    <ClCompile Include="GetItem.cpp" />
    <ClCompile Include="Setting.cpp" />
    <ClCompile Include="Countdown.cpp" />
    <ClCompile Include="Pause.cpp" />
    <ClCompile Include="GameStateBase.cpp" />
    <ClCompile Include="InGameState.cpp" />
    <ClCompile Include="Enemy\EnemyBase.cpp">
      <Filter>Enemy</Filter>
    </ClCompile>
    <ClCompile Include="Enemy\EnemyStatus.cpp">
      <Filter>Enemy</Filter>
    </ClCompile>
    <ClCompile Include="Enemy\Boss.cpp">
      <Filter>Enemy</Filter>
    </ClCompile>
    <ClCompile Include="Enemy\EnemyStatePattern.cpp">
      <Filter>Enemy</Filter>
    </ClCompile>
    <ClCompile Include="Enemy\Familiar.cpp">
      <Filter>Enemy</Filter>
    </ClCompile>
    <ClCompile Include="Enemy\NoobEnemy.cpp">
      <Filter>Enemy</Filter>
    </ClCompile>
    <ClCompile Include="Collision\CollisionHitManager.cpp">
      <Filter>Collision</Filter>
    </ClCompile>
    <ClCompile Include="Enemy\EnemyController.cpp">
      <Filter>Enemy</Filter>
    </ClCompile>
    <ClCompile Include="Athletic\AthleticBase.cpp">
      <Filter>Athletic</Filter>
    </ClCompile>
    <ClCompile Include="Athletic\AthleticStage.cpp">
      <Filter>Athletic</Filter>
    </ClCompile>
    <ClCompile Include="Enemy\EnemyManager.cpp">
      <Filter>Enemy</Filter>
    </ClCompile>
    <ClCompile Include="Athletic\AthleticManager.cpp">
      <Filter>Athletic</Filter>
    </ClCompile>
    <ClCompile Include="Athletic\AthleticTrigger.cpp">
      <Filter>Athletic</Filter>
    </ClCompile>
    <ClCompile Include="Athletic\AthleticState.cpp">
      <Filter>Athletic</Filter>
    </ClCompile>
    <ClCompile Include="Sound\SoundManager.cpp">
      <Filter>Sound</Filter>
    </ClCompile>
    <ClCompile Include="GameResult.cpp" />
    <ClCompile Include="Camera\GameCamera.cpp">
      <Filter>Camera</Filter>
    </ClCompile>
    <ClCompile Include="Camera\EventCamera.cpp">
      <Filter>Camera</Filter>
    </ClCompile>
    <ClCompile Include="GameLoading.cpp" />
    <ClCompile Include="Camera\DebugCamera.cpp">
      <Filter>Camera</Filter>
    </ClCompile>
    <ClCompile Include="UI\CoinUI.cpp">
      <Filter>UI</Filter>
    </ClCompile>
    <ClCompile Include="UI\EventUI.cpp">
      <Filter>UI</Filter>
    </ClCompile>
    <ClCompile Include="UI\GameTimeUI.cpp">
      <Filter>UI</Filter>
    </ClCompile>
    <ClCompile Include="UI\GameUI.cpp">
      <Filter>UI</Filter>
    </ClCompile>
    <ClCompile Include="UI\LoadUI.cpp">
      <Filter>UI</Filter>
    </ClCompile>
    <ClCompile Include="UI\UIBase.cpp">
      <Filter>UI</Filter>
    </ClCompile>
    <ClCompile Include="UI\UIAnimation.cpp">
      <Filter>UI</Filter>
    </ClCompile>
    <ClCompile Include="Enemy\BossStatusUI.cpp">
      <Filter>UI</Filter>
    </ClCompile>
    <ClCompile Include="UI\GameResultUI.cpp">
      <Filter>UI</Filter>
    </ClCompile>
    <ClCompile Include="UI\CountdownUI.cpp">
      <Filter>UI</Filter>
    </ClCompile>
    <ClCompile Include="UI\PauseUI.cpp">
      <Filter>UI</Filter>
    </ClCompile>
    <ClCompile Include="UI\SettingUI.cpp">
      <Filter>UI</Filter>
    </ClCompile>
    <ClCompile Include="UI\TitleUI.cpp">
      <Filter>UI</Filter>
    </ClCompile>
  </ItemGroup>
  <ItemGroup>
    <ClInclude Include="stdafx.h" />
    <ClInclude Include="system\system.h">
      <Filter>system</Filter>
    </ClInclude>
    <ClInclude Include="Game.h" />
    <ClInclude Include="BackGround.h" />
    <ClInclude Include="Player.h" />
    <ClInclude Include="Title.h" />
    <ClInclude Include="GameClear.h" />
    <ClInclude Include="resource.h" />
    <ClInclude Include="StageManager.h" />
    <ClInclude Include="GetItem.h" />
    <ClInclude Include="Setting.h" />
    <ClInclude Include="Countdown.h" />
    <ClInclude Include="Pause.h" />
    <ClInclude Include="GameStateBase.h" />
    <ClInclude Include="InGameState.h" />
    <ClInclude Include="Enemy\EnemyBase.h">
      <Filter>Enemy</Filter>
    </ClInclude>
    <ClInclude Include="Enemy\EnemyStatus.h">
      <Filter>Enemy</Filter>
    </ClInclude>
    <ClInclude Include="Enemy\Boss.h">
      <Filter>Enemy</Filter>
    </ClInclude>
    <ClInclude Include="Enemy\EnemyStatePattern.h">
      <Filter>Enemy</Filter>
    </ClInclude>
    <ClInclude Include="Enemy\Familiar.h">
      <Filter>Enemy</Filter>
    </ClInclude>
    <ClInclude Include="Enemy\NoobEnemy.h">
      <Filter>Enemy</Filter>
    </ClInclude>
    <ClInclude Include="Collision\CollisionHitManager.h">
      <Filter>Collision</Filter>
    </ClInclude>
    <ClInclude Include="Enemy\EnemyController.h">
      <Filter>Enemy</Filter>
    </ClInclude>
    <ClInclude Include="Athletic\AthleticBase.h">
      <Filter>Athletic</Filter>
    </ClInclude>
    <ClInclude Include="Athletic\AthleticStage.h">
      <Filter>Athletic</Filter>
    </ClInclude>
    <ClInclude Include="Enemy\EnemyManager.h">
      <Filter>Enemy</Filter>
    </ClInclude>
    <ClInclude Include="Athletic\AthleticManager.h">
      <Filter>Athletic</Filter>
    </ClInclude>
    <ClInclude Include="Athletic\AthleticTrigger.h">
      <Filter>Athletic</Filter>
    </ClInclude>
    <ClInclude Include="Athletic\AthleticState.h">
      <Filter>Athletic</Filter>
    </ClInclude>
    <ClInclude Include="Sound\SoundManager.h">
      <Filter>Sound</Filter>
    </ClInclude>
    <ClInclude Include="Sound\Type.h">
      <Filter>Sound</Filter>
    </ClInclude>
    <ClInclude Include="GameResult.h" />
    <ClInclude Include="Camera\GameCamera.h">
      <Filter>Camera</Filter>
    </ClInclude>
    <ClInclude Include="Camera\EventCamera.h">
      <Filter>Camera</Filter>
    </ClInclude>
    <ClInclude Include="GameLoading.h" />
    <ClInclude Include="Camera\DebugCamera.h">
      <Filter>Camera</Filter>
    </ClInclude>
    <ClInclude Include="UI\CoinUI.h">
      <Filter>UI</Filter>
    </ClInclude>
    <ClInclude Include="UI\EventUI.h">
      <Filter>UI</Filter>
    </ClInclude>
    <ClInclude Include="UI\GameTimeUI.h">
      <Filter>UI</Filter>
    </ClInclude>
    <ClInclude Include="UI\GameUI.h">
      <Filter>UI</Filter>
    </ClInclude>
    <ClInclude Include="UI\LoadUI.h">
      <Filter>UI</Filter>
    </ClInclude>
    <ClInclude Include="UI\UIBase.h">
      <Filter>UI</Filter>
    </ClInclude>
    <ClInclude Include="UI\UIAnimation.h">
      <Filter>UI</Filter>
    </ClInclude>
    <ClInclude Include="Enemy\BossStatusUI.h">
      <Filter>UI</Filter>
    </ClInclude>
    <ClInclude Include="UI\GameResultUI.h">
      <Filter>UI</Filter>
    </ClInclude>
    <ClInclude Include="UI\CountdownUI.h">
      <Filter>UI</Filter>
    </ClInclude>
    <ClInclude Include="UI\PauseUI.h">
      <Filter>UI</Filter>
    </ClInclude>
    <ClInclude Include="UI\SettingUI.h">
      <Filter>UI</Filter>
    </ClInclude>
    <ClInclude Include="UI\TitleUI.h">
      <Filter>UI</Filter>
    </ClInclude>
  </ItemGroup>
  <ItemGroup>
    <ResourceCompile Include="Game.rc" />
  </ItemGroup>
</Project>